
Microsoft Visual Studio Solution File, Format Version 12.00
# Visual Studio 2012
Project("{FAE04EC0-301F-11D3-BF4B-00C04F79EFBC}") = "Locator.Mobile.WP", "Locator.Mobile.WP\Locator.Mobile.WP.csproj", "{4D030356-4439-42DB-B8C1-85A0A7927928}"
EndProject
Project("{FAE04EC0-301F-11D3-BF4B-00C04F79EFBC}") = "Locator.Entity.WP8", "..\..\Locator.Entity\Locator.Entity.WP8.csproj", "{8B5C2664-525D-40BF-B25F-BB3E27888C97}"
EndProject
Project("{FAE04EC0-301F-11D3-BF4B-00C04F79EFBC}") = "Locator.Mobile.BL.WP8", "..\Locator.Mobile.BL\Locator.Mobile.BL.WP8.csproj", "{A5007BE4-6A3D-4159-9AC0-DAF4037380F5}"
EndProject
Project("{FAE04EC0-301F-11D3-BF4B-00C04F79EFBC}") = "Locator.Mobile.Client.WP8", "..\Locator.Mobile.Client\Locator.Mobile.Client.WP8.csproj", "{B085F057-5FCD-4595-A3BD-A64FDF062B09}"
EndProject
Project("{FAE04EC0-301F-11D3-BF4B-00C04F79EFBC}") = "Locator.Mobile.DAL.WP8", "..\Locator.Mobile.DAL\Locator.Mobile.DAL.WP8.csproj", "{0AE488FC-1A38-422F-9E68-BBA72D784407}"
EndProject
Project("{FAE04EC0-301F-11D3-BF4B-00C04F79EFBC}") = "Locator.Mobile.Presentation.WP8", "..\Locator.Mobile.Presentation\Locator.Mobile.Presentation.WP8.csproj", "{BE38AB60-54E2-4DC1-A545-70736E4DC69E}"
EndProject
Project("{FAE04EC0-301F-11D3-BF4B-00C04F79EFBC}") = "Locator.TaskAgent", "Locator.TaskAgent\Locator.TaskAgent.csproj", "{B0C4FBA1-CB82-4B18-ADAA-73A0A3CC1B37}"
EndProject
Project("{FAE04EC0-301F-11D3-BF4B-00C04F79EFBC}") = "Locator.ServiceContract.WP8", "..\..\Locator.ServiceContract\Locator.ServiceContract.WP8.csproj", "{BD5EB34D-1875-4E8C-867A-B18DD8BBD659}"
EndProject
Global
	GlobalSection(SolutionConfigurationPlatforms) = preSolution
		Debug|Any CPU = Debug|Any CPU
		Debug|ARM = Debug|ARM
		Debug|x86 = Debug|x86
		Release|Any CPU = Release|Any CPU
		Release|ARM = Release|ARM
		Release|x86 = Release|x86
	EndGlobalSection
	GlobalSection(ProjectConfigurationPlatforms) = postSolution
		{4D030356-4439-42DB-B8C1-85A0A7927928}.Debug|Any CPU.ActiveCfg = Debug|Any CPU
		{4D030356-4439-42DB-B8C1-85A0A7927928}.Debug|Any CPU.Build.0 = Debug|Any CPU
		{4D030356-4439-42DB-B8C1-85A0A7927928}.Debug|Any CPU.Deploy.0 = Debug|Any CPU
		{4D030356-4439-42DB-B8C1-85A0A7927928}.Debug|ARM.ActiveCfg = Debug|ARM
		{4D030356-4439-42DB-B8C1-85A0A7927928}.Debug|ARM.Build.0 = Debug|ARM
		{4D030356-4439-42DB-B8C1-85A0A7927928}.Debug|ARM.Deploy.0 = Debug|ARM
		{4D030356-4439-42DB-B8C1-85A0A7927928}.Debug|x86.ActiveCfg = Debug|x86
		{4D030356-4439-42DB-B8C1-85A0A7927928}.Debug|x86.Build.0 = Debug|x86
		{4D030356-4439-42DB-B8C1-85A0A7927928}.Debug|x86.Deploy.0 = Debug|x86
		{4D030356-4439-42DB-B8C1-85A0A7927928}.Release|Any CPU.ActiveCfg = Release|Any CPU
		{4D030356-4439-42DB-B8C1-85A0A7927928}.Release|Any CPU.Build.0 = Release|Any CPU
		{4D030356-4439-42DB-B8C1-85A0A7927928}.Release|Any CPU.Deploy.0 = Release|Any CPU
		{4D030356-4439-42DB-B8C1-85A0A7927928}.Release|ARM.ActiveCfg = Release|ARM
		{4D030356-4439-42DB-B8C1-85A0A7927928}.Release|ARM.Build.0 = Release|ARM
		{4D030356-4439-42DB-B8C1-85A0A7927928}.Release|ARM.Deploy.0 = Release|ARM
		{4D030356-4439-42DB-B8C1-85A0A7927928}.Release|x86.ActiveCfg = Release|x86
		{4D030356-4439-42DB-B8C1-85A0A7927928}.Release|x86.Build.0 = Release|x86
		{4D030356-4439-42DB-B8C1-85A0A7927928}.Release|x86.Deploy.0 = Release|x86
		{8B5C2664-525D-40BF-B25F-BB3E27888C97}.Debug|Any CPU.ActiveCfg = Debug|Any CPU
		{8B5C2664-525D-40BF-B25F-BB3E27888C97}.Debug|Any CPU.Build.0 = Debug|Any CPU
		{8B5C2664-525D-40BF-B25F-BB3E27888C97}.Debug|ARM.ActiveCfg = Debug|ARM
		{8B5C2664-525D-40BF-B25F-BB3E27888C97}.Debug|ARM.Build.0 = Debug|ARM
		{8B5C2664-525D-40BF-B25F-BB3E27888C97}.Debug|x86.ActiveCfg = Debug|x86
		{8B5C2664-525D-40BF-B25F-BB3E27888C97}.Debug|x86.Build.0 = Debug|x86
		{8B5C2664-525D-40BF-B25F-BB3E27888C97}.Release|Any CPU.ActiveCfg = Release|Any CPU
		{8B5C2664-525D-40BF-B25F-BB3E27888C97}.Release|Any CPU.Build.0 = Release|Any CPU
		{8B5C2664-525D-40BF-B25F-BB3E27888C97}.Release|ARM.ActiveCfg = Release|ARM
		{8B5C2664-525D-40BF-B25F-BB3E27888C97}.Release|ARM.Build.0 = Release|ARM
		{8B5C2664-525D-40BF-B25F-BB3E27888C97}.Release|x86.ActiveCfg = Release|x86
		{8B5C2664-525D-40BF-B25F-BB3E27888C97}.Release|x86.Build.0 = Release|x86
		{A5007BE4-6A3D-4159-9AC0-DAF4037380F5}.Debug|Any CPU.ActiveCfg = Debug|Any CPU
		{A5007BE4-6A3D-4159-9AC0-DAF4037380F5}.Debug|Any CPU.Build.0 = Debug|Any CPU
		{A5007BE4-6A3D-4159-9AC0-DAF4037380F5}.Debug|ARM.ActiveCfg = Debug|ARM
		{A5007BE4-6A3D-4159-9AC0-DAF4037380F5}.Debug|ARM.Build.0 = Debug|ARM
		{A5007BE4-6A3D-4159-9AC0-DAF4037380F5}.Debug|x86.ActiveCfg = Debug|x86
		{A5007BE4-6A3D-4159-9AC0-DAF4037380F5}.Debug|x86.Build.0 = Debug|x86
		{A5007BE4-6A3D-4159-9AC0-DAF4037380F5}.Release|Any CPU.ActiveCfg = Release|Any CPU
		{A5007BE4-6A3D-4159-9AC0-DAF4037380F5}.Release|Any CPU.Build.0 = Release|Any CPU
		{A5007BE4-6A3D-4159-9AC0-DAF4037380F5}.Release|ARM.ActiveCfg = Release|ARM
		{A5007BE4-6A3D-4159-9AC0-DAF4037380F5}.Release|ARM.Build.0 = Release|ARM
		{A5007BE4-6A3D-4159-9AC0-DAF4037380F5}.Release|x86.ActiveCfg = Release|x86
		{A5007BE4-6A3D-4159-9AC0-DAF4037380F5}.Release|x86.Build.0 = Release|x86
		{B085F057-5FCD-4595-A3BD-A64FDF062B09}.Debug|Any CPU.ActiveCfg = Debug|Any CPU
		{B085F057-5FCD-4595-A3BD-A64FDF062B09}.Debug|Any CPU.Build.0 = Debug|Any CPU
		{B085F057-5FCD-4595-A3BD-A64FDF062B09}.Debug|ARM.ActiveCfg = Debug|ARM
		{B085F057-5FCD-4595-A3BD-A64FDF062B09}.Debug|ARM.Build.0 = Debug|ARM
		{B085F057-5FCD-4595-A3BD-A64FDF062B09}.Debug|x86.ActiveCfg = Debug|x86
		{B085F057-5FCD-4595-A3BD-A64FDF062B09}.Debug|x86.Build.0 = Debug|x86
		{B085F057-5FCD-4595-A3BD-A64FDF062B09}.Release|Any CPU.ActiveCfg = Release|Any CPU
		{B085F057-5FCD-4595-A3BD-A64FDF062B09}.Release|Any CPU.Build.0 = Release|Any CPU
		{B085F057-5FCD-4595-A3BD-A64FDF062B09}.Release|ARM.ActiveCfg = Release|ARM
		{B085F057-5FCD-4595-A3BD-A64FDF062B09}.Release|ARM.Build.0 = Release|ARM
		{B085F057-5FCD-4595-A3BD-A64FDF062B09}.Release|x86.ActiveCfg = Release|x86
		{B085F057-5FCD-4595-A3BD-A64FDF062B09}.Release|x86.Build.0 = Release|x86
		{0AE488FC-1A38-422F-9E68-BBA72D784407}.Debug|Any CPU.ActiveCfg = Debug|Any CPU
		{0AE488FC-1A38-422F-9E68-BBA72D784407}.Debug|Any CPU.Build.0 = Debug|Any CPU
		{0AE488FC-1A38-422F-9E68-BBA72D784407}.Debug|ARM.ActiveCfg = Debug|ARM
		{0AE488FC-1A38-422F-9E68-BBA72D784407}.Debug|ARM.Build.0 = Debug|ARM
		{0AE488FC-1A38-422F-9E68-BBA72D784407}.Debug|x86.ActiveCfg = Debug|x86
		{0AE488FC-1A38-422F-9E68-BBA72D784407}.Debug|x86.Build.0 = Debug|x86
		{0AE488FC-1A38-422F-9E68-BBA72D784407}.Release|Any CPU.ActiveCfg = Release|Any CPU
		{0AE488FC-1A38-422F-9E68-BBA72D784407}.Release|Any CPU.Build.0 = Release|Any CPU
		{0AE488FC-1A38-422F-9E68-BBA72D784407}.Release|ARM.ActiveCfg = Release|ARM
		{0AE488FC-1A38-422F-9E68-BBA72D784407}.Release|ARM.Build.0 = Release|ARM
		{0AE488FC-1A38-422F-9E68-BBA72D784407}.Release|x86.ActiveCfg = Release|x86
		{0AE488FC-1A38-422F-9E68-BBA72D784407}.Release|x86.Build.0 = Release|x86
		{BE38AB60-54E2-4DC1-A545-70736E4DC69E}.Debug|Any CPU.ActiveCfg = Debug|Any CPU
		{BE38AB60-54E2-4DC1-A545-70736E4DC69E}.Debug|Any CPU.Build.0 = Debug|Any CPU
		{BE38AB60-54E2-4DC1-A545-70736E4DC69E}.Debug|ARM.ActiveCfg = Debug|ARM
		{BE38AB60-54E2-4DC1-A545-70736E4DC69E}.Debug|ARM.Build.0 = Debug|ARM
		{BE38AB60-54E2-4DC1-A545-70736E4DC69E}.Debug|x86.ActiveCfg = Debug|x86
		{BE38AB60-54E2-4DC1-A545-70736E4DC69E}.Debug|x86.Build.0 = Debug|x86
		{BE38AB60-54E2-4DC1-A545-70736E4DC69E}.Release|Any CPU.ActiveCfg = Release|Any CPU
		{BE38AB60-54E2-4DC1-A545-70736E4DC69E}.Release|Any CPU.Build.0 = Release|Any CPU
		{BE38AB60-54E2-4DC1-A545-70736E4DC69E}.Release|ARM.ActiveCfg = Release|ARM
		{BE38AB60-54E2-4DC1-A545-70736E4DC69E}.Release|ARM.Build.0 = Release|ARM
		{BE38AB60-54E2-4DC1-A545-70736E4DC69E}.Release|x86.ActiveCfg = Release|x86
		{BE38AB60-54E2-4DC1-A545-70736E4DC69E}.Release|x86.Build.0 = Release|x86
		{B0C4FBA1-CB82-4B18-ADAA-73A0A3CC1B37}.Debug|Any CPU.ActiveCfg = Debug|Any CPU
		{B0C4FBA1-CB82-4B18-ADAA-73A0A3CC1B37}.Debug|Any CPU.Build.0 = Debug|Any CPU
		{B0C4FBA1-CB82-4B18-ADAA-73A0A3CC1B37}.Debug|ARM.ActiveCfg = Debug|ARM
		{B0C4FBA1-CB82-4B18-ADAA-73A0A3CC1B37}.Debug|ARM.Build.0 = Debug|ARM
		{B0C4FBA1-CB82-4B18-ADAA-73A0A3CC1B37}.Debug|x86.ActiveCfg = Debug|x86
		{B0C4FBA1-CB82-4B18-ADAA-73A0A3CC1B37}.Debug|x86.Build.0 = Debug|x86
		{B0C4FBA1-CB82-4B18-ADAA-73A0A3CC1B37}.Release|Any CPU.ActiveCfg = Release|Any CPU
		{B0C4FBA1-CB82-4B18-ADAA-73A0A3CC1B37}.Release|Any CPU.Build.0 = Release|Any CPU
		{B0C4FBA1-CB82-4B18-ADAA-73A0A3CC1B37}.Release|ARM.ActiveCfg = Release|ARM
		{B0C4FBA1-CB82-4B18-ADAA-73A0A3CC1B37}.Release|ARM.Build.0 = Release|ARM
		{B0C4FBA1-CB82-4B18-ADAA-73A0A3CC1B37}.Release|x86.ActiveCfg = Release|x86
		{B0C4FBA1-CB82-4B18-ADAA-73A0A3CC1B37}.Release|x86.Build.0 = Release|x86
		{BD5EB34D-1875-4E8C-867A-B18DD8BBD659}.Debug|Any CPU.ActiveCfg = Debug|Any CPU
		{BD5EB34D-1875-4E8C-867A-B18DD8BBD659}.Debug|Any CPU.Build.0 = Debug|Any CPU
		{BD5EB34D-1875-4E8C-867A-B18DD8BBD659}.Debug|ARM.ActiveCfg = Debug|ARM
		{BD5EB34D-1875-4E8C-867A-B18DD8BBD659}.Debug|ARM.Build.0 = Debug|ARM
		{BD5EB34D-1875-4E8C-867A-B18DD8BBD659}.Debug|x86.ActiveCfg = Debug|x86
		{BD5EB34D-1875-4E8C-867A-B18DD8BBD659}.Debug|x86.Build.0 = Debug|x86
		{BD5EB34D-1875-4E8C-867A-B18DD8BBD659}.Release|Any CPU.ActiveCfg = Release|Any CPU
		{BD5EB34D-1875-4E8C-867A-B18DD8BBD659}.Release|Any CPU.Build.0 = Release|Any CPU
		{BD5EB34D-1875-4E8C-867A-B18DD8BBD659}.Release|ARM.ActiveCfg = Release|ARM
		{BD5EB34D-1875-4E8C-867A-B18DD8BBD659}.Release|ARM.Build.0 = Release|ARM
		{BD5EB34D-1875-4E8C-867A-B18DD8BBD659}.Release|x86.ActiveCfg = Release|x86
		{BD5EB34D-1875-4E8C-867A-B18DD8BBD659}.Release|x86.Build.0 = Release|x86
	EndGlobalSection
	GlobalSection(SolutionProperties) = preSolution
		HideSolutionNode = FALSE
	EndGlobalSection
EndGlobal
